
Microsoft Visual Studio Solution File, Format Version 12.00
# Visual Studio Version 17
VisualStudioVersion = 17.5.33424.131
MinimumVisualStudioVersion = 10.0.40219.1
Project("{9A19103F-16F7-4668-BE54-9A1E7A4F7556}") = "tallerMecanico.LogicaNegocio", "tallerMecanico.LogicaNegocio\tallerMecanico.LogicaNegocio.csproj", "{B2EB5B23-C644-477A-9B0F-6C341F94F44A}"
EndProject
Project("{9A19103F-16F7-4668-BE54-9A1E7A4F7556}") = "tallerMecanico.AccesoDatos", "TallerMecanico.AccesoDatos\tallerMecanico.AccesoDatos.csproj", "{7FC4205A-A9E0-49E6-8483-52D7CDA1B5FB}"
EndProject
Project("{9A19103F-16F7-4668-BE54-9A1E7A4F7556}") = "tallerMecanico.API", "tallerMecanico.API\tallerMecanico.API.csproj", "{163CFF4C-E347-4A08-8A48-9F30F28EF988}"
EndProject
Project("{9A19103F-16F7-4668-BE54-9A1E7A4F7556}") = "tallerMecanico.Aplicacion", "tallerMecanico.Aplicacion\tallerMecanico.Aplicacion.csproj", "{E4194093-EDFA-4FBE-A79E-E5EDF5FF6E84}"
EndProject
Global
	GlobalSection(SolutionConfigurationPlatforms) = preSolution
		Debug|Any CPU = Debug|Any CPU
		Release|Any CPU = Release|Any CPU
	EndGlobalSection
	GlobalSection(ProjectConfigurationPlatforms) = postSolution
		{B2EB5B23-C644-477A-9B0F-6C341F94F44A}.Debug|Any CPU.ActiveCfg = Debug|Any CPU
		{B2EB5B23-C644-477A-9B0F-6C341F94F44A}.Debug|Any CPU.Build.0 = Debug|Any CPU
		{B2EB5B23-C644-477A-9B0F-6C341F94F44A}.Release|Any CPU.ActiveCfg = Release|Any CPU
		{B2EB5B23-C644-477A-9B0F-6C341F94F44A}.Release|Any CPU.Build.0 = Release|Any CPU
		{7FC4205A-A9E0-49E6-8483-52D7CDA1B5FB}.Debug|Any CPU.ActiveCfg = Debug|Any CPU
		{7FC4205A-A9E0-49E6-8483-52D7CDA1B5FB}.Debug|Any CPU.Build.0 = Debug|Any CPU
		{7FC4205A-A9E0-49E6-8483-52D7CDA1B5FB}.Release|Any CPU.ActiveCfg = Release|Any CPU
		{7FC4205A-A9E0-49E6-8483-52D7CDA1B5FB}.Release|Any CPU.Build.0 = Release|Any CPU
		{163CFF4C-E347-4A08-8A48-9F30F28EF988}.Debug|Any CPU.ActiveCfg = Debug|Any CPU
		{163CFF4C-E347-4A08-8A48-9F30F28EF988}.Debug|Any CPU.Build.0 = Debug|Any CPU
		{163CFF4C-E347-4A08-8A48-9F30F28EF988}.Release|Any CPU.ActiveCfg = Release|Any CPU
		{163CFF4C-E347-4A08-8A48-9F30F28EF988}.Release|Any CPU.Build.0 = Release|Any CPU
		{E4194093-EDFA-4FBE-A79E-E5EDF5FF6E84}.Debug|Any CPU.ActiveCfg = Debug|Any CPU
		{E4194093-EDFA-4FBE-A79E-E5EDF5FF6E84}.Debug|Any CPU.Build.0 = Debug|Any CPU
		{E4194093-EDFA-4FBE-A79E-E5EDF5FF6E84}.Release|Any CPU.ActiveCfg = Release|Any CPU
		{E4194093-EDFA-4FBE-A79E-E5EDF5FF6E84}.Release|Any CPU.Build.0 = Release|Any CPU
	EndGlobalSection
	GlobalSection(SolutionProperties) = preSolution
		HideSolutionNode = FALSE
	EndGlobalSection
	GlobalSection(ExtensibilityGlobals) = postSolution
		SolutionGuid = {31D2C11C-CAF7-4E38-9543-EA688DC4CB7C}
	EndGlobalSection
EndGlobal
